<?xml version="1.0" encoding="utf-8"?>
<Project ToolsVersion="4.0" xmlns="http://schemas.microsoft.com/developer/msbuild/2003">
  <ItemGroup>
    <Filter Include="源文件">
      <UniqueIdentifier>{4FC737F1-C7A5-4376-A066-2A32D752A2FF}</UniqueIdentifier>
      <Extensions>cpp;c;cc;cxx;def;odl;idl;hpj;bat;asm;asmx</Extensions>
    </Filter>
    <Filter Include="头文件">
      <UniqueIdentifier>{93995380-89BD-4b04-88EB-625FBE52EBFB}</UniqueIdentifier>
      <Extensions>h;hh;hpp;hxx;hm;inl;inc;xsd</Extensions>
    </Filter>
    <Filter Include="资源文件">
      <UniqueIdentifier>{67DA6AB6-F800-4c08-8B7A-83BB121AAD01}</UniqueIdentifier>
      <Extensions>rc;ico;cur;bmp;dlg;rc2;rct;bin;rgs;gif;jpg;jpeg;jpe;resx;tiff;tif;png;wav;mfcribbon-ms</Extensions>
    </Filter>
  </ItemGroup>
  <ItemGroup>
    <None Include="..\..\..\source\_posts\2017年读书计划.md">
      <Filter>资源文件</Filter>
    </None>
    <None Include="..\..\..\source\_posts\cmake实践.md">
      <Filter>资源文件</Filter>
    </None>
    <None Include="..\..\..\source\_posts\coredump.md">
      <Filter>资源文件</Filter>
    </None>
    <None Include="..\..\..\source\_posts\C-Primer5e第02章：变量和基本类型.md">
      <Filter>资源文件</Filter>
    </None>
    <None Include="..\..\..\source\_posts\C-Primer5e第03章：字符串、向量和数组.md">
      <Filter>资源文件</Filter>
    </None>
    <None Include="..\..\..\source\_posts\C-Primer5e第04章：表达式.md">
      <Filter>资源文件</Filter>
    </None>
    <None Include="..\..\..\source\_posts\C-Primer5e第05章：语句-md.md">
      <Filter>资源文件</Filter>
    </None>
    <None Include="..\..\..\source\_posts\C-Primer5e第06章：函数.md">
      <Filter>资源文件</Filter>
    </None>
    <None Include="..\..\..\source\_posts\C-Primer5e第07章：类.md">
      <Filter>资源文件</Filter>
    </None>
    <None Include="..\..\..\source\_posts\C-Primer5e第08章：IO库.md">
      <Filter>资源文件</Filter>
    </None>
    <None Include="..\..\..\source\_posts\C-Primer5e第09章：顺序容器.md">
      <Filter>资源文件</Filter>
    </None>
    <None Include="..\..\..\source\_posts\C-Primer5e第10章：泛型算法.md">
      <Filter>资源文件</Filter>
    </None>
    <None Include="..\..\..\source\_posts\C-Primer5e第11章：关联容器.md">
      <Filter>资源文件</Filter>
    </None>
    <None Include="..\..\..\source\_posts\C-Primer5e第12章：动态内存.md">
      <Filter>资源文件</Filter>
    </None>
    <None Include="..\..\..\source\_posts\C-Primer5e第13章：拷贝控制.md">
      <Filter>资源文件</Filter>
    </None>
    <None Include="..\..\..\source\_posts\C-Primer5e第14章：重载运算与类型转换.md">
      <Filter>资源文件</Filter>
    </None>
    <None Include="..\..\..\source\_posts\C-Primer5e第15章：面向对象程序设计.md">
      <Filter>资源文件</Filter>
    </None>
    <None Include="..\..\..\source\_posts\C-Primer5e第16章：模板与泛型编程.md">
      <Filter>资源文件</Filter>
    </None>
    <None Include="..\..\..\source\_posts\C-Primer5e第17章：标准库特殊设施.md">
      <Filter>资源文件</Filter>
    </None>
    <None Include="..\..\..\source\_posts\C-Primer5e第18章：用于大型程序的工具.md">
      <Filter>资源文件</Filter>
    </None>
    <None Include="..\..\..\source\_posts\C-Primer5e第19章：特殊工具与技术（二）.md">
      <Filter>资源文件</Filter>
    </None>
    <None Include="..\..\..\source\_posts\C-Primer5e第19章：特殊工具与技术（一）.md">
      <Filter>资源文件</Filter>
    </None>
    <None Include="..\..\..\source\_posts\CSAPP实验之archlab.md">
      <Filter>资源文件</Filter>
    </None>
    <None Include="..\..\..\source\_posts\CSAPP实验之BombLab.md">
      <Filter>资源文件</Filter>
    </None>
    <None Include="..\..\..\source\_posts\CSAPP之Y86-64模拟器安装.md">
      <Filter>资源文件</Filter>
    </None>
    <None Include="..\..\..\source\_posts\CSAPP之存储器层次结构.md">
      <Filter>资源文件</Filter>
    </None>
    <None Include="..\..\..\source\_posts\CSAPP之链接.md">
      <Filter>资源文件</Filter>
    </None>
    <None Include="..\..\..\source\_posts\CSAPP之虚拟内存.md">
      <Filter>资源文件</Filter>
    </None>
    <None Include="..\..\..\source\_posts\CSAPP之异常控制流.md">
      <Filter>资源文件</Filter>
    </None>
    <None Include="..\..\..\source\_posts\CSAPP之优化程序性能.md">
      <Filter>资源文件</Filter>
    </None>
    <None Include="..\..\..\source\_posts\GDB调试器使用总结.md">
      <Filter>资源文件</Filter>
    </None>
    <None Include="..\..\..\source\_posts\Git操作指南.md">
      <Filter>资源文件</Filter>
    </None>
    <None Include="..\..\..\source\_posts\grep.md">
      <Filter>资源文件</Filter>
    </None>
    <None Include="..\..\..\source\_posts\Hexo-Github搭建博客.md">
      <Filter>资源文件</Filter>
    </None>
    <None Include="..\..\..\source\_posts\Linux性能分析工具：ftrace.md">
      <Filter>资源文件</Filter>
    </None>
    <None Include="..\..\..\source\_posts\Markdown基本语法.md">
      <Filter>资源文件</Filter>
    </None>
    <None Include="..\..\..\source\_posts\Scratch基本操作篇.md">
      <Filter>资源文件</Filter>
    </None>
    <None Include="..\..\..\source\_posts\UNIX编程艺术.md">
      <Filter>资源文件</Filter>
    </None>
    <None Include="..\..\..\source\_posts\程序常用调试工具汇总.md">
      <Filter>资源文件</Filter>
    </None>
    <None Include="..\..\..\source\_posts\家庭教育专栏-阅读整理一.md">
      <Filter>资源文件</Filter>
    </None>
    <None Include="..\..\..\source\_posts\键盘快捷操作指南.md">
      <Filter>资源文件</Filter>
    </None>
    <None Include="..\..\..\source\_posts\进程内存监控.md">
      <Filter>资源文件</Filter>
    </None>
    <None Include="..\..\..\source\_posts\经济学入门通俗教程汇总.md">
      <Filter>资源文件</Filter>
    </None>
    <None Include="..\..\..\source\_posts\可变参数模板.md">
      <Filter>资源文件</Filter>
    </None>
    <None Include="..\..\..\source\_posts\李玫瑾家庭教育视频文档整理.md">
      <Filter>资源文件</Filter>
    </None>
    <None Include="..\..\..\source\_posts\李玫瑾教育讲座.md">
      <Filter>资源文件</Filter>
    </None>
    <None Include="..\..\..\source\_posts\软件架构专栏-阅读整理二.md">
      <Filter>资源文件</Filter>
    </None>
    <None Include="..\..\..\source\_posts\软件架构专栏-阅读整理一.md">
      <Filter>资源文件</Filter>
    </None>
    <None Include="..\..\..\source\_posts\网络编程实践环境搭建.md">
      <Filter>资源文件</Filter>
    </None>
    <None Include="..\..\..\source\_posts\写作的层次.md">
      <Filter>资源文件</Filter>
    </None>
    <None Include="..\..\..\source\_posts\重构-改善既有代码的设计.md">
      <Filter>资源文件</Filter>
    </None>
    <None Include="..\..\..\source\_posts\python小工具.md">
      <Filter>资源文件</Filter>
    </None>
    <None Include="..\..\..\source\_posts\经济学讲义：01-人性与稀缺.md">
      <Filter>资源文件</Filter>
    </None>
    <None Include="..\..\..\source\_posts\经济学讲义：02-成本的深义.md">
      <Filter>资源文件</Filter>
    </None>
    <None Include="..\..\..\source\_posts\经济学讲义：03-需求的规律.md">
      <Filter>资源文件</Filter>
    </None>
    <None Include="..\..\..\source\_posts\经济学讲义：04-价格的作用.md">
      <Filter>资源文件</Filter>
    </None>
    <None Include="..\..\..\source\_posts\Google搜索技巧.md">
      <Filter>资源文件</Filter>
    </None>
  </ItemGroup>
</Project>